
Microsoft Visual Studio Solution File, Format Version 12.00
# Visual Studio 15
VisualStudioVersion = 15.0.28307.136
MinimumVisualStudioVersion = 10.0.40219.1
Project("{FAE04EC0-301F-11D3-BF4B-00C04F79EFBC}") = "Exchange.Web", "Ekantor.Web\Exchange.Web.csproj", "{D3E6AFB6-CDF7-4405-9947-D5E65B9EB736}"
EndProject
Project("{FAE04EC0-301F-11D3-BF4B-00C04F79EFBC}") = "Exchange.Infrastructure", "Ekantor.Infrastructure\Exchange.Infrastructure.csproj", "{12054A55-5561-4AC6-A74B-272E22301BBD}"
EndProject
Project("{FAE04EC0-301F-11D3-BF4B-00C04F79EFBC}") = "Exchange.Core", "Ekanator.Core\Exchange.Core.csproj", "{FE2D1651-1B7F-4F9F-9177-F656BDA2D229}"
EndProject
Global
	GlobalSection(SolutionConfigurationPlatforms) = preSolution
		Debug|Any CPU = Debug|Any CPU
		Release|Any CPU = Release|Any CPU
	EndGlobalSection
	GlobalSection(ProjectConfigurationPlatforms) = postSolution
		{D3E6AFB6-CDF7-4405-9947-D5E65B9EB736}.Debug|Any CPU.ActiveCfg = Debug|Any CPU
		{D3E6AFB6-CDF7-4405-9947-D5E65B9EB736}.Debug|Any CPU.Build.0 = Debug|Any CPU
		{D3E6AFB6-CDF7-4405-9947-D5E65B9EB736}.Release|Any CPU.ActiveCfg = Release|Any CPU
		{D3E6AFB6-CDF7-4405-9947-D5E65B9EB736}.Release|Any CPU.Build.0 = Release|Any CPU
		{12054A55-5561-4AC6-A74B-272E22301BBD}.Debug|Any CPU.ActiveCfg = Debug|Any CPU
		{12054A55-5561-4AC6-A74B-272E22301BBD}.Debug|Any CPU.Build.0 = Debug|Any CPU
		{12054A55-5561-4AC6-A74B-272E22301BBD}.Release|Any CPU.ActiveCfg = Release|Any CPU
		{12054A55-5561-4AC6-A74B-272E22301BBD}.Release|Any CPU.Build.0 = Release|Any CPU
		{FE2D1651-1B7F-4F9F-9177-F656BDA2D229}.Debug|Any CPU.ActiveCfg = Debug|Any CPU
		{FE2D1651-1B7F-4F9F-9177-F656BDA2D229}.Debug|Any CPU.Build.0 = Debug|Any CPU
		{FE2D1651-1B7F-4F9F-9177-F656BDA2D229}.Release|Any CPU.ActiveCfg = Release|Any CPU
		{FE2D1651-1B7F-4F9F-9177-F656BDA2D229}.Release|Any CPU.Build.0 = Release|Any CPU
	EndGlobalSection
	GlobalSection(SolutionProperties) = preSolution
		HideSolutionNode = FALSE
	EndGlobalSection
	GlobalSection(ExtensibilityGlobals) = postSolution
		SolutionGuid = {44FBEA74-DD10-4B29-A72F-2C6BC53492FF}
	EndGlobalSection
EndGlobal
